schema: '2.0'
stages:
  data_preprocessing:
    cmd: python src/Data/data_preprocessing.py
    deps:
    - path: Data/Data_tabular_raw/201505-202309.csv
      hash: md5
      md5: 428756d1809320b28a07d049f179ba63
      size: 18590334
    - path: src/Data/data_preprocessing.py
      hash: md5
      md5: aa79e0bab260e14c88163f48ac4bdfa5
      size: 5468
    outs:
    - path: Data/Data_preprocessed/preprocessed.csv
      hash: md5
      md5: d5e18c339bb062a8b93db05b0caee5dd
      size: 35936355
  rf_model_training_and_tuning:
    cmd: python src/RF_Model/model_training_and_tuning.py
    deps:
    - path: Data/Data_preprocessed/preprocessed.csv
      hash: md5
      md5: 56e1a036224c16997ef9adb0e6ab35fc
      size: 35936355
    - path: src/RF_Model/model_training_and_tuning.py
      hash: md5
      md5: 2ab11377dc2e79813d3034900bf7a287
      size: 5485
    outs:
    - path: Data/Models/rf_model.pkl
      hash: md5
      md5: 7b73878c433a04960b6d2b181d8b60ba
      size: 48852159
